// !$*UTF8*$!
{
	archiveVersion = 1;
	classes = {
	};
	objectVersion = 46;
	objects = {

/* Begin PBXBuildFile section */
		1CA64A16095B0FC234A9A9E9 /* libPods-HQUIKit.a in Frameworks */ = {isa = PBXBuildFile; fileRef = B34F093C9CB987B0338FF707 /* libPods-HQUIKit.a */; };
		BB49F48E1F56879000DAA064 /* main.m in Sources */ = {isa = PBXBuildFile; fileRef = BB49F48D1F56879000DAA064 /* main.m */; };
		BB49F4911F56879000DAA064 /* AppDelegate.m in Sources */ = {isa = PBXBuildFile; fileRef = BB49F4901F56879000DAA064 /* AppDelegate.m */; };
		BB49F4941F56879000DAA064 /* ViewController.m in Sources */ = {isa = PBXBuildFile; fileRef = BB49F4931F56879000DAA064 /* ViewController.m */; };
		BB49F4971F56879000DAA064 /* Main.storyboard in Resources */ = {isa = PBXBuildFile; fileRef = BB49F4951F56879000DAA064 /* Main.storyboard */; };
		BB49F4991F56879000DAA064 /* Assets.xcassets in Resources */ = {isa = PBXBuildFile; fileRef = BB49F4981F56879000DAA064 /* Assets.xcassets */; };
		BB49F49C1F56879000DAA064 /* LaunchScreen.storyboard in Resources */ = {isa = PBXBuildFile; fileRef = BB49F49A1F56879000DAA064 /* LaunchScreen.storyboard */; };
		BB49F4A71F56879000DAA064 /* HQUIKitTests.m in Sources */ = {isa = PBXBuildFile; fileRef = BB49F4A61F56879000DAA064 /* HQUIKitTests.m */; };
		BB49F4B21F56879000DAA064 /* HQUIKitUITests.m in Sources */ = {isa = PBXBuildFile; fileRef = BB49F4B11F56879000DAA064 /* HQUIKitUITests.m */; };
		BB49F4C21F5688AB00DAA064 /* HQUIKit.m in Sources */ = {isa = PBXBuildFile; fileRef = BB49F4C11F5688AB00DAA064 /* HQUIKit.m */; };
/* End PBXBuildFile section */

/* Begin PBXContainerItemProxy section */
		BB49F4A31F56879000DAA064 /* PBXContainerItemProxy */ = {
			isa = PBXContainerItemProxy;
			containerPortal = BB49F4811F56879000DAA064 /* Project object */;
			proxyType = 1;
			remoteGlobalIDString = BB49F4881F56879000DAA064;
			remoteInfo = HQUIKit;
		};
		BB49F4AE1F56879000DAA064 /* PBXContainerItemProxy */ = {
			isa = PBXContainerItemProxy;
			containerPortal = BB49F4811F56879000DAA064 /* Project object */;
			proxyType = 1;
			remoteGlobalIDString = BB49F4881F56879000DAA064;
			remoteInfo = HQUIKit;
		};
/* End PBXContainerItemProxy section */

/* Begin PBXFileReference section */
		7E91451BE5F224F054FC0027 /* Pods-HQUIKit.release.xcconfig */ = {isa = PBXFileReference; includeInIndex = 1; lastKnownFileType = text.xcconfig; name = "Pods-HQUIKit.release.xcconfig"; path = "Pods/Target Support Files/Pods-HQUIKit/Pods-HQUIKit.release.xcconfig"; sourceTree = "<group>"; };
		8FD5F6C6B5F862386F6817E8 /* Pods-HQUIKit.debug.xcconfig */ = {isa = PBXFileReference; includeInIndex = 1; lastKnownFileType = text.xcconfig; name = "Pods-HQUIKit.debug.xcconfig"; path = "Pods/Target Support Files/Pods-HQUIKit/Pods-HQUIKit.debug.xcconfig"; sourceTree = "<group>"; };
		B34F093C9CB987B0338FF707 /* libPods-HQUIKit.a */ = {isa = PBXFileReference; explicitFileType = archive.ar; includeInIndex = 0; path = "libPods-HQUIKit.a"; sourceTree = BUILT_PRODUCTS_DIR; };
		BB49F4891F56879000DAA064 /* HQUIKit.app */ = {isa = PBXFileReference; explicitFileType = wrapper.application; includeInIndex = 0; path = HQUIKit.app; sourceTree = BUILT_PRODUCTS_DIR; };
		BB49F48D1F56879000DAA064 /* main.m */ = {isa = PBXFileReference; lastKnownFileType = sourcecode.c.objc; path = main.m; sourceTree = "<group>"; };
		BB49F48F1F56879000DAA064 /* AppDelegate.h */ = {isa = PBXFileReference; lastKnownFileType = sourcecode.c.h; path = AppDelegate.h; sourceTree = "<group>"; };
		BB49F4901F56879000DAA064 /* AppDelegate.m */ = {isa = PBXFileReference; lastKnownFileType = sourcecode.c.objc; path = AppDelegate.m; sourceTree = "<group>"; };
		BB49F4921F56879000DAA064 /* ViewController.h */ = {isa = PBXFileReference; lastKnownFileType = sourcecode.c.h; path = ViewController.h; sourceTree = "<group>"; };
		BB49F4931F56879000DAA064 /* ViewController.m */ = {isa = PBXFileReference; lastKnownFileType = sourcecode.c.objc; path = ViewController.m; sourceTree = "<group>"; };
		BB49F4961F56879000DAA064 /* Base */ = {isa = PBXFileReference; lastKnownFileType = file.storyboard; name = Base; path = Base.lproj/Main.storyboard; sourceTree = "<group>"; };
		BB49F4981F56879000DAA064 /* Assets.xcassets */ = {isa = PBXFileReference; lastKnownFileType = folder.assetcatalog; path = Assets.xcassets; sourceTree = "<group>"; };
		BB49F49B1F56879000DAA064 /* Base */ = {isa = PBXFileReference; lastKnownFileType = file.storyboard; name = Base; path = Base.lproj/LaunchScreen.storyboard; sourceTree = "<group>"; };
		BB49F49D1F56879000DAA064 /* Info.plist */ = {isa = PBXFileReference; lastKnownFileType = text.plist.xml; path = Info.plist; sourceTree = "<group>"; };
		BB49F4A21F56879000DAA064 /* HQUIKitTests.xctest */ = {isa = PBXFileReference; explicitFileType = wrapper.cfbundle; includeInIndex = 0; path = HQUIKitTests.xctest; sourceTree = BUILT_PRODUCTS_DIR; };
		BB49F4A61F56879000DAA064 /* HQUIKitTests.m */ = {isa = PBXFileReference; lastKnownFileType = sourcecode.c.objc; path = HQUIKitTests.m; sourceTree = "<group>"; };
		BB49F4A81F56879000DAA064 /* Info.plist */ = {isa = PBXFileReference; lastKnownFileType = text.plist.xml; path = Info.plist; sourceTree = "<group>"; };
		BB49F4AD1F56879000DAA064 /* HQUIKitUITests.xctest */ = {isa = PBXFileReference; explicitFileType = wrapper.cfbundle; includeInIndex = 0; path = HQUIKitUITests.xctest; sourceTree = BUILT_PRODUCTS_DIR; };
		BB49F4B11F56879000DAA064 /* HQUIKitUITests.m */ = {isa = PBXFileReference; lastKnownFileType = sourcecode.c.objc; path = HQUIKitUITests.m; sourceTree = "<group>"; };
		BB49F4B31F56879000DAA064 /* Info.plist */ = {isa = PBXFileReference; lastKnownFileType = text.plist.xml; path = Info.plist; sourceTree = "<group>"; };
		BB49F4C01F5688AB00DAA064 /* HQUIKit.h */ = {isa = PBXFileReference; fileEncoding = 4; lastKnownFileType = sourcecode.c.h; path = HQUIKit.h; sourceTree = "<group>"; };
		BB49F4C11F5688AB00DAA064 /* HQUIKit.m */ = {isa = PBXFileReference; fileEncoding = 4; lastKnownFileType = sourcecode.c.objc; path = HQUIKit.m; sourceTree = "<group>"; };
/* End PBXFileReference section */

/* Begin PBXFrameworksBuildPhase section */
		BB49F4861F56879000DAA064 /* Frameworks */ = {
			isa = PBXFrameworksBuildPhase;
			buildActionMask = 2147483647;
			files = (
				1CA64A16095B0FC234A9A9E9 /* libPods-HQUIKit.a in Frameworks */,
			);
			runOnlyForDeploymentPostprocessing = 0;
		};
		BB49F49F1F56879000DAA064 /* Frameworks */ = {
			isa = PBXFrameworksBuildPhase;
			buildActionMask = 2147483647;
			files = (
			);
			runOnlyForDeploymentPostprocessing = 0;
		};
		BB49F4AA1F56879000DAA064 /* Frameworks */ = {
			isa = PBXFrameworksBuildPhase;
			buildActionMask = 2147483647;
			files = (
			);
			runOnlyForDeploymentPostprocessing = 0;
		};
/* End PBXFrameworksBuildPhase section */

/* Begin PBXGroup section */
		3BDC854DAE97AC820CF833C0 /* Frameworks */ = {
			isa = PBXGroup;
			children = (
				B34F093C9CB987B0338FF707 /* libPods-HQUIKit.a */,
			);
			name = Frameworks;
			sourceTree = "<group>";
		};
		65CEF6A4F0C171D348E01E0E /* Pods */ = {
			isa = PBXGroup;
			children = (
				8FD5F6C6B5F862386F6817E8 /* Pods-HQUIKit.debug.xcconfig */,
				7E91451BE5F224F054FC0027 /* Pods-HQUIKit.release.xcconfig */,
			);
			name = Pods;
			sourceTree = "<group>";
		};
		BB49F4801F56879000DAA064 = {
			isa = PBXGroup;
			children = (
				BB49F48B1F56879000DAA064 /* HQUIKit */,
				BB49F4A51F56879000DAA064 /* HQUIKitTests */,
				BB49F4B01F56879000DAA064 /* HQUIKitUITests */,
				BB49F48A1F56879000DAA064 /* Products */,
				65CEF6A4F0C171D348E01E0E /* Pods */,
				3BDC854DAE97AC820CF833C0 /* Frameworks */,
			);
			sourceTree = "<group>";
		};
		BB49F48A1F56879000DAA064 /* Products */ = {
			isa = PBXGroup;
			children = (
				BB49F4891F56879000DAA064 /* HQUIKit.app */,
				BB49F4A21F56879000DAA064 /* HQUIKitTests.xctest */,
				BB49F4AD1F56879000DAA064 /* HQUIKitUITests.xctest */,
			);
			name = Products;
			sourceTree = "<group>";
		};
		BB49F48B1F56879000DAA064 /* HQUIKit */ = {
			isa = PBXGroup;
			children = (
				BB49F4BF1F56885C00DAA064 /* HQUIKit */,
				BB49F48F1F56879000DAA064 /* AppDelegate.h */,
				BB49F4901F56879000DAA064 /* AppDelegate.m */,
				BB49F4921F56879000DAA064 /* ViewController.h */,
				BB49F4931F56879000DAA064 /* ViewController.m */,
				BB49F4951F56879000DAA064 /* Main.storyboard */,
				BB49F4981F56879000DAA064 /* Assets.xcassets */,
				BB49F49A1F56879000DAA064 /* LaunchScreen.storyboard */,
				BB49F49D1F56879000DAA064 /* Info.plist */,
				BB49F48C1F56879000DAA064 /* Supporting Files */,
			);
			path = HQUIKit;
			sourceTree = "<group>";
		};
		BB49F48C1F56879000DAA064 /* Supporting Files */ = {
			isa = PBXGroup;
			children = (
				BB49F48D1F56879000DAA064 /* main.m */,
			);
			name = "Supporting Files";
			sourceTree = "<group>";
		};
		BB49F4A51F56879000DAA064 /* HQUIKitTests */ = {
			isa = PBXGroup;
			children = (
				BB49F4A61F56879000DAA064 /* HQUIKitTests.m */,
				BB49F4A81F56879000DAA064 /* Info.plist */,
			);
			path = HQUIKitTests;
			sourceTree = "<group>";
		};
		BB49F4B01F56879000DAA064 /* HQUIKitUITests */ = {
			isa = PBXGroup;
			children = (
				BB49F4B11F56879000DAA064 /* HQUIKitUITests.m */,
				BB49F4B31F56879000DAA064 /* Info.plist */,
			);
			path = HQUIKitUITests;
			sourceTree = "<group>";
		};
		BB49F4BF1F56885C00DAA064 /* HQUIKit */ = {
			isa = PBXGroup;
			children = (
				BB49F4C01F5688AB00DAA064 /* HQUIKit.h */,
				BB49F4C11F5688AB00DAA064 /* HQUIKit.m */,
			);
			path = HQUIKit;
			sourceTree = "<group>";
		};
/* End PBXGroup section */

/* Begin PBXNativeTarget section */
		BB49F4881F56879000DAA064 /* HQUIKit */ = {
			isa = PBXNativeTarget;
			buildConfigurationList = BB49F4B61F56879000DAA064 /* Build configuration list for PBXNativeTarget "HQUIKit" */;
			buildPhases = (
				A7838B5EDC1B73FB1E86B013 /* [CP] Check Pods Manifest.lock */,
				BB49F4851F56879000DAA064 /* Sources */,
				BB49F4861F56879000DAA064 /* Frameworks */,
				BB49F4871F56879000DAA064 /* Resources */,
				94FFB94AA542544DAA8878C2 /* [CP] Embed Pods Frameworks */,
				86FB391A8C09629258DA2E8F /* [CP] Copy Pods Resources */,
			);
			buildRules = (
			);
			dependencies = (
			);
			name = HQUIKit;
			productName = HQUIKit;
			productReference = BB49F4891F56879000DAA064 /* HQUIKit.app */;
			productType = "com.apple.product-type.application";
		};
		BB49F4A11F56879000DAA064 /* HQUIKitTests */ = {
			isa = PBXNativeTarget;
			buildConfigurationList = BB49F4B91F56879000DAA064 /* Build configuration list for PBXNativeTarget "HQUIKitTests" */;
			buildPhases = (
				BB49F49E1F56879000DAA064 /* Sources */,
				BB49F49F1F56879000DAA064 /* Frameworks */,
				BB49F4A01F56879000DAA064 /* Resources */,
			);
			buildRules = (
			);
			dependencies = (
				BB49F4A41F56879000DAA064 /* PBXTargetDependency */,
			);
			name = HQUIKitTests;
			productName = HQUIKitTests;
			productReference = BB49F4A21F56879000DAA064 /* HQUIKitTests.xctest */;
			productType = "com.apple.product-type.bundle.unit-test";
		};
		BB49F4AC1F56879000DAA064 /* HQUIKitUITests */ = {
			isa = PBXNativeTarget;
			buildConfigurationList = BB49F4BC1F56879000DAA064 /* Build configuration list for PBXNativeTarget "HQUIKitUITests" */;
			buildPhases = (
				BB49F4A91F56879000DAA064 /* Sources */,
				BB49F4AA1F56879000DAA064 /* Frameworks */,
				BB49F4AB1F56879000DAA064 /* Resources */,
			);
			buildRules = (
			);
			dependencies = (
				BB49F4AF1F56879000DAA064 /* PBXTargetDependency */,
			);
			name = HQUIKitUITests;
			productName = HQUIKitUITests;
			productReference = BB49F4AD1F56879000DAA064 /* HQUIKitUITests.xctest */;
			productType = "com.apple.product-type.bundle.ui-testing";
		};
/* End PBXNativeTarget section */

/* Begin PBXProject section */
		BB49F4811F56879000DAA064 /* Project object */ = {
			isa = PBXProject;
			attributes = {
				LastUpgradeCheck = 0830;
				ORGANIZATIONNAME = HanQi;
				TargetAttributes = {
					BB49F4881F56879000DAA064 = {
						CreatedOnToolsVersion = 8.3.3;
						DevelopmentTeam = T2Q45F84HW;
						ProvisioningStyle = Automatic;
					};
					BB49F4A11F56879000DAA064 = {
						CreatedOnToolsVersion = 8.3.3;
						DevelopmentTeam = T2Q45F84HW;
						ProvisioningStyle = Automatic;
						TestTargetID = BB49F4881F56879000DAA064;
					};
					BB49F4AC1F56879000DAA064 = {
						CreatedOnToolsVersion = 8.3.3;
						DevelopmentTeam = T2Q45F84HW;
						ProvisioningStyle = Automatic;
						TestTargetID = BB49F4881F56879000DAA064;
					};
				};
			};
			buildConfigurationList = BB49F4841F56879000DAA064 /* Build configuration list for PBXProject "HQUIKit" */;
			compatibilityVersion = "Xcode 3.2";
			developmentRegion = English;
			hasScannedForEncodings = 0;
			knownRegions = (
				en,
				Base,
			);
			mainGroup = BB49F4801F56879000DAA064;
			productRefGroup = BB49F48A1F56879000DAA064 /* Products */;
			projectDirPath = "";
			projectRoot = "";
			targets = (
				BB49F4881F56879000DAA064 /* HQUIKit */,
				BB49F4A11F56879000DAA064 /* HQUIKitTests */,
				BB49F4AC1F56879000DAA064 /* HQUIKitUITests */,
			);
		};
/* End PBXProject section */

/* Begin PBXResourcesBuildPhase section */
		BB49F4871F56879000DAA064 /* Resources */ = {
			isa = PBXResourcesBuildPhase;
			buildActionMask = 2147483647;
			files = (
				BB49F49C1F56879000DAA064 /* LaunchScreen.storyboard in Resources */,
				BB49F4991F56879000DAA064 /* Assets.xcassets in Resources */,
				BB49F4971F56879000DAA064 /* Main.storyboard in Resources */,
			);
			runOnlyForDeploymentPostprocessing = 0;
		};
		BB49F4A01F56879000DAA064 /* Resources */ = {
			isa = PBXResourcesBuildPhase;
			buildActionMask = 2147483647;
			files = (
			);
			runOnlyForDeploymentPostprocessing = 0;
		};
		BB49F4AB1F56879000DAA064 /* Resources */ = {
			isa = PBXResourcesBuildPhase;
			buildActionMask = 2147483647;
			files = (
			);
			runOnlyForDeploymentPostprocessing = 0;
		};
/* End PBXResourcesBuildPhase section */

/* Begin PBXShellScriptBuildPhase section */
		86FB391A8C09629258DA2E8F /* [CP] Copy Pods Resources */ = {
			isa = PBXShellScriptBuildPhase;
			buildActionMask = 2147483647;
			files = (
			);
			inputPaths = (
			);
			name = "[CP] Copy Pods Resources";
			outputPaths = (
			);
			runOnlyForDeploymentPostprocessing = 0;
			shellPath = /bin/sh;
			shellScript = "\"${SRCROOT}/Pods/Target Support Files/Pods-HQUIKit/Pods-HQUIKit-resources.sh\"\n";
			showEnvVarsInLog = 0;
		};
		94FFB94AA542544DAA8878C2 /* [CP] Embed Pods Frameworks */ = {
			isa = PBXShellScriptBuildPhase;
			buildActionMask = 2147483647;
			files = (
			);
			inputPaths = (
			);
			name = "[CP] Embed Pods Frameworks";
			outputPaths = (
			);
			runOnlyForDeploymentPostprocessing = 0;
			shellPath = /bin/sh;
			shellScript = "\"${SRCROOT}/Pods/Target Support Files/Pods-HQUIKit/Pods-HQUIKit-frameworks.sh\"\n";
			showEnvVarsInLog = 0;
		};
		A7838B5EDC1B73FB1E86B013 /* [CP] Check Pods Manifest.lock */ = {
			isa = PBXShellScriptBuildPhase;
			buildActionMask = 2147483647;
			files = (
			);
			inputPaths = (
			);
			name = "[CP] Check Pods Manifest.lock";
			outputPaths = (
			);
			runOnlyForDeploymentPostprocessing = 0;
			shellPath = /bin/sh;
			shellScript = "diff \"${PODS_ROOT}/../Podfile.lock\" \"${PODS_ROOT}/Manifest.lock\" > /dev/null\nif [ $? != 0 ] ; then\n    # print error to STDERR\n    echo \"error: The sandbox is not in sync with the Podfile.lock. Run 'pod install' or update your CocoaPods installation.\" >&2\n    exit 1\nfi\n";
			showEnvVarsInLog = 0;
		};
/* End PBXShellScriptBuildPhase section */

/* Begin PBXSourcesBuildPhase section */
		BB49F4851F56879000DAA064 /* Sources */ = {
			isa = PBXSourcesBuildPhase;
			buildActionMask = 2147483647;
			files = (
				BB49F4941F56879000DAA064 /* ViewController.m in Sources */,
				BB49F4911F56879000DAA064 /* AppDelegate.m in Sources */,
				BB49F48E1F56879000DAA064 /* main.m in Sources */,
				BB49F4C21F5688AB00DAA064 /* HQUIKit.m in Sources */,
			);
			runOnlyForDeploymentPostprocessing = 0;
		};
		BB49F49E1F56879000DAA064 /* Sources */ = {
			isa = PBXSourcesBuildPhase;
			buildActionMask = 2147483647;
			files = (
				BB49F4A71F56879000DAA064 /* HQUIKitTests.m in Sources */,
			);
			runOnlyForDeploymentPostprocessing = 0;
		};
		BB49F4A91F56879000DAA064 /* Sources */ = {
			isa = PBXSourcesBuildPhase;
			buildActionMask = 2147483647;
			files = (
				BB49F4B21F56879000DAA064 /* HQUIKitUITests.m in Sources */,
			);
			runOnlyForDeploymentPostprocessing = 0;
		};
/* End PBXSourcesBuildPhase section */

/* Begin PBXTargetDependency section */
		BB49F4A41F56879000DAA064 /* PBXTargetDependency */ = {
			isa = PBXTargetDependency;
			target = BB49F4881F56879000DAA064 /* HQUIKit */;
			targetProxy = BB49F4A31F56879000DAA064 /* PBXContainerItemProxy */;
		};
		BB49F4AF1F56879000DAA064 /* PBXTargetDependency */ = {
			isa = PBXTargetDependency;
			target = BB49F4881F56879000DAA064 /* HQUIKit */;
			targetProxy = BB49F4AE1F56879000DAA064 /* PBXContainerItemProxy */;
		};
/* End PBXTargetDependency section */

/* Begin PBXVariantGroup section */
		BB49F4951F56879000DAA064 /* Main.storyboard */ = {
			isa = PBXVariantGroup;
			children = (
				BB49F4961F56879000DAA064 /* Base */,
			);
			name = Main.storyboard;
			sourceTree = "<group>";
		};
		BB49F49A1F56879000DAA064 /* LaunchScreen.storyboard */ = {
			isa = PBXVariantGroup;
			children = (
				BB49F49B1F56879000DAA064 /* Base */,
			);
			name = LaunchScreen.storyboard;
			sourceTree = "<group>";
		};
/* End PBXVariantGroup section */

/* Begin XCBuildConfiguration section */
		BB49F4B41F56879000DAA064 /* Debug */ = {
			isa = XCBuildConfiguration;
			buildSettings = {
				ALWAYS_SEARCH_USER_PATHS = NO;
				CLANG_ANALYZER_NONNULL = YES;
				CLANG_ANALYZER_NUMBER_OBJECT_CONVERSION = YES_AGGRESSIVE;
				CLANG_CXX_LANGUAGE_STANDARD = "gnu++0x";
				CLANG_CXX_LIBRARY = "libc++";
				CLANG_ENABLE_MODULES = YES;
				CLANG_ENABLE_OBJC_ARC = YES;
				CLANG_WARN_BOOL_CONVERSION = YES;
				CLANG_WARN_CONSTANT_CONVERSION = YES;
				CLANG_WARN_DIRECT_OBJC_ISA_USAGE = YES_ERROR;
				CLANG_WARN_DOCUMENTATION_COMMENTS = YES;
				CLANG_WARN_EMPTY_BODY = YES;
				CLANG_WARN_ENUM_CONVERSION = YES;
				CLANG_WARN_INFINITE_RECURSION = YES;
				CLANG_WARN_INT_CONVERSION = YES;
				CLANG_WARN_OBJC_ROOT_CLASS = YES_ERROR;
				CLANG_WARN_SUSPICIOUS_MOVE = YES;
				CLANG_WARN_UNREACHABLE_CODE = YES;
				CLANG_WARN__DUPLICATE_METHOD_MATCH = YES;
				"CODE_SIGN_IDENTITY[sdk=iphoneos*]" = "iPhone Developer";
				COPY_PHASE_STRIP = NO;
				DEBUG_INFORMATION_FORMAT = dwarf;
				ENABLE_STRICT_OBJC_MSGSEND = YES;
				ENABLE_TESTABILITY = YES;
				GCC_C_LANGUAGE_STANDARD = gnu99;
				GCC_DYNAMIC_NO_PIC = NO;
				GCC_NO_COMMON_BLOCKS = YES;
				GCC_OPTIMIZATION_LEVEL = 0;
				GCC_PREPROCESSOR_DEFINITIONS = (
					"DEBUG=1",
					"$(inherited)",
				);
				GCC_WARN_64_TO_32_BIT_CONVERSION = YES;
				GCC_WARN_ABOUT_RETURN_TYPE = YES_ERROR;
				GCC_WARN_UNDECLARED_SELECTOR = YES;
				GCC_WARN_UNINITIALIZED_AUTOS = YES_AGGRESSIVE;
				GCC_WARN_UNUSED_FUNCTION = YES;
				GCC_WARN_UNUSED_VARIABLE = YES;
				IPHONEOS_DEPLOYMENT_TARGET = 10.3;
				MTL_ENABLE_DEBUG_INFO = YES;
				ONLY_ACTIVE_ARCH = YES;
				SDKROOT = iphoneos;
			};
			name = Debug;
		};
		BB49F4B51F56879000DAA064 /* Release */ = {
			isa = XCBuildConfiguration;
			buildSettings = {
				ALWAYS_SEARCH_USER_PATHS = NO;
				CLANG_ANALYZER_NONNULL = YES;
				CLANG_ANALYZER_NUMBER_OBJECT_CONVERSION = YES_AGGRESSIVE;
				CLANG_CXX_LANGUAGE_STANDARD = "gnu++0x";
				CLANG_CXX_LIBRARY = "libc++";
				CLANG_ENABLE_MODULES = YES;
				CLANG_ENABLE_OBJC_ARC = YES;
				CLANG_WARN_BOOL_CONVERSION = YES;
				CLANG_WARN_CONSTANT_CONVERSION = YES;
				CLANG_WARN_DIRECT_OBJC_ISA_USAGE = YES_ERROR;
				CLANG_WARN_DOCUMENTATION_COMMENTS = YES;
				CLANG_WARN_EMPTY_BODY = YES;
				CLANG_WARN_ENUM_CONVERSION = YES;
				CLANG_WARN_INFINITE_RECURSION = YES;
				CLANG_WARN_INT_CONVERSION = YES;
				CLANG_WARN_OBJC_ROOT_CLASS = YES_ERROR;
				CLANG_WARN_SUSPICIOUS_MOVE = YES;
				CLANG_WARN_UNREACHABLE_CODE = YES;
				CLANG_WARN__DUPLICATE_METHOD_MATCH = YES;
				"CODE_SIGN_IDENTITY[sdk=iphoneos*]" = "iPhone Developer";
				COPY_PHASE_STRIP = NO;
				DEBUG_INFORMATION_FORMAT = "dwarf-with-dsym";
				ENABLE_NS_ASSERTIONS = NO;
				ENABLE_STRICT_OBJC_MSGSEND = YES;
				GCC_C_LANGUAGE_STANDARD = gnu99;
				GCC_NO_COMMON_BLOCKS = YES;
				GCC_WARN_64_TO_32_BIT_CONVERSION = YES;
				GCC_WARN_ABOUT_RETURN_TYPE = YES_ERROR;
				GCC_WARN_UNDECLARED_SELECTOR = YES;
				GCC_WARN_UNINITIALIZED_AUTOS = YES_AGGRESSIVE;
				GCC_WARN_UNUSED_FUNCTION = YES;
				GCC_WARN_UNUSED_VARIABLE = YES;
				IPHONEOS_DEPLOYMENT_TARGET = 10.3;
				MTL_ENABLE_DEBUG_INFO = NO;
				SDKROOT = iphoneos;
				VALIDATE_PRODUCT = YES;
			};
			name = Release;
		};
		BB49F4B71F56879000DAA064 /* Debug */ = {
			isa = XCBuildConfiguration;
			baseConfigurationReference = 8FD5F6C6B5F862386F6817E8 /* Pods-HQUIKit.debug.xcconfig */;
			buildSettings = {
				ASSETCATALOG_COMPILER_APPICON_NAME = AppIcon;
				DEVELOPMENT_TEAM = T2Q45F84HW;
				INFOPLIST_FILE = HQUIKit/Info.plist;
				LD_RUNPATH_SEARCH_PATHS = "$(inherited) @executable_path/Frameworks";
				PRODUCT_BUNDLE_IDENTIFIER = com.hanqi.HQUIKit;
				PRODUCT_NAME = "$(TARGET_NAME)";
				USER_HEADER_SEARCH_PATHS = "$(PODS_ROOT)/**";
			};
			name = Debug;
		};
		BB49F4B81F56879000DAA064 /* Release */ = {
			isa = XCBuildConfiguration;
			baseConfigurationReference = 7E91451BE5F224F054FC0027 /* Pods-HQUIKit.release.xcconfig */;
			buildSettings = {
				ASSETCATALOG_COMPILER_APPICON_NAME = AppIcon;
				DEVELOPMENT_TEAM = T2Q45F84HW;
				INFOPLIST_FILE = HQUIKit/Info.plist;
				LD_RUNPATH_SEARCH_PATHS = "$(inherited) @executable_path/Frameworks";
				PRODUCT_BUNDLE_IDENTIFIER = com.hanqi.HQUIKit;
				PRODUCT_NAME = "$(TARGET_NAME)";
				USER_HEADER_SEARCH_PATHS = "$(PODS_ROOT)/**";
			};
			name = Release;
		};
		BB49F4BA1F56879000DAA064 /* Debug */ = {
			isa = XCBuildConfiguration;
			buildSettings = {
				BUNDLE_LOADER = "$(TEST_HOST)";
				DEVELOPMENT_TEAM = T2Q45F84HW;
				INFOPLIST_FILE = HQUIKitTests/Info.plist;
				LD_RUNPATH_SEARCH_PATHS = "$(inherited) @executable_path/Frameworks @loader_path/Frameworks";
				PRODUCT_BUNDLE_IDENTIFIER = com.hanqi.HQUIKitTests;
				PRODUCT_NAME = "$(TARGET_NAME)";
				TEST_HOST = "$(BUILT_PRODUCTS_DIR)/HQUIKit.app/HQUIKit";
			};
			name = Debug;
		};
		BB49F4BB1F56879000DAA064 /* Release */ = {
			isa = XCBuildConfiguration;
			buildSettings = {
				BUNDLE_LOADER = "$(TEST_HOST)";
				DEVELOPMENT_TEAM = T2Q45F84HW;
				INFOPLIST_FILE = HQUIKitTests/Info.plist;
				LD_RUNPATH_SEARCH_PATHS = "$(inherited) @executable_path/Frameworks @loader_path/Frameworks";
				PRODUCT_BUNDLE_IDENTIFIER = com.hanqi.HQUIKitTests;
				PRODUCT_NAME = "$(TARGET_NAME)";
				TEST_HOST = "$(BUILT_PRODUCTS_DIR)/HQUIKit.app/HQUIKit";
			};
			name = Release;
		};
		BB49F4BD1F56879000DAA064 /* Debug */ = {
			isa = XCBuildConfiguration;
			buildSettings = {
				DEVELOPMENT_TEAM = T2Q45F84HW;
				INFOPLIST_FILE = HQUIKitUITests/Info.plist;
				LD_RUNPATH_SEARCH_PATHS = "$(inherited) @executable_path/Frameworks @loader_path/Frameworks";
				PRODUCT_BUNDLE_IDENTIFIER = com.hanqi.HQUIKitUITests;
				PRODUCT_NAME = "$(TARGET_NAME)";
				TEST_TARGET_NAME = HQUIKit;
			};
			name = Debug;
		};
		BB49F4BE1F56879000DAA064 /* Release */ = {
			isa = XCBuildConfiguration;
			buildSettings = {
				DEVELOPMENT_TEAM = T2Q45F84HW;
				INFOPLIST_FILE = HQUIKitUITests/Info.plist;
				LD_RUNPATH_SEARCH_PATHS = "$(inherited) @executable_path/Frameworks @loader_path/Frameworks";
				PRODUCT_BUNDLE_IDENTIFIER = com.hanqi.HQUIKitUITests;
				PRODUCT_NAME = "$(TARGET_NAME)";
				TEST_TARGET_NAME = HQUIKit;
			};
			name = Release;
		};
/* End XCBuildConfiguration section */

/* Begin XCConfigurationList section */
		BB49F4841F56879000DAA064 /* Build configuration list for PBXProject "HQUIKit" */ = {
			isa = XCConfigurationList;
			buildConfigurations = (
				BB49F4B41F56879000DAA064 /* Debug */,
				BB49F4B51F56879000DAA064 /* Release */,
			);
			defaultConfigurationIsVisible = 0;
			defaultConfigurationName = Release;
		};
		BB49F4B61F56879000DAA064 /* Build configuration list for PBXNativeTarget "HQUIKit" */ = {
			isa = XCConfigurationList;
			buildConfigurations = (
				BB49F4B71F56879000DAA064 /* Debug */,
				BB49F4B81F56879000DAA064 /* Release */,
			);
			defaultConfigurationIsVisible = 0;
			defaultConfigurationName = Release;
		};
		BB49F4B91F56879000DAA064 /* Build configuration list for PBXNativeTarget "HQUIKitTests" */ = {
			isa = XCConfigurationList;
			buildConfigurations = (
				BB49F4BA1F56879000DAA064 /* Debug */,
				BB49F4BB1F56879000DAA064 /* Release */,
			);
			defaultConfigurationIsVisible = 0;
			defaultConfigurationName = Release;
		};
		BB49F4BC1F56879000DAA064 /* Build configuration list for PBXNativeTarget "HQUIKitUITests" */ = {
			isa = XCConfigurationList;
			buildConfigurations = (
				BB49F4BD1F56879000DAA064 /* Debug */,
				BB49F4BE1F56879000DAA064 /* Release */,
			);
			defaultConfigurationIsVisible = 0;
			defaultConfigurationName = Release;
		};
/* End XCConfigurationList section */
	};
	rootObject = BB49F4811F56879000DAA064 /* Project object */;
}
